
Microsoft Visual Studio Solution File, Format Version 12.00
# Visual Studio Version 17
VisualStudioVersion = 17.1.32421.90
MinimumVisualStudioVersion = 10.0.40219.1
Project("{FAE04EC0-301F-11D3-BF4B-00C04F79EFBC}") = "XUnitTest", "XUnitTest\XUnitTest.csproj", "{EADEFF77-467F-4263-8846-05A6FD2DC18D}"
EndProject
Global
	GlobalSection(SolutionConfigurationPlatforms) = preSolution
		Debug|Any CPU = Debug|Any CPU
		Release|Any CPU = Release|Any CPU
	EndGlobalSection
	GlobalSection(ProjectConfigurationPlatforms) = postSolution
		{EADEFF77-467F-4263-8846-05A6FD2DC18D}.Debug|Any CPU.ActiveCfg = Debug|Any CPU
		{EADEFF77-467F-4263-8846-05A6FD2DC18D}.Debug|Any CPU.Build.0 = Debug|Any CPU
		{EADEFF77-467F-4263-8846-05A6FD2DC18D}.Release|Any CPU.ActiveCfg = Release|Any CPU
		{EADEFF77-467F-4263-8846-05A6FD2DC18D}.Release|Any CPU.Build.0 = Release|Any CPU
	EndGlobalSection
	GlobalSection(SolutionProperties) = preSolution
		HideSolutionNode = FALSE
	EndGlobalSection
	GlobalSection(ExtensibilityGlobals) = postSolution
		SolutionGuid = {410E54C7-47C6-4EDC-BB18-E2D911729CB7}
	EndGlobalSection
EndGlobal
